{
  "name": "flac-files-to-mp3",
  "version": "1.0.0",
  "lockfileVersion": 1,
  "requires": true,
  "dependencies": {
    "flac-to-mp3": {
      "version": "1.0.4",
      "resolved": "https://registry.npmjs.org/flac-to-mp3/-/flac-to-mp3-1.0.4.tgz",
      "integrity": "sha1-Ir2ot32MsRYj0c8Mfvl8lfeQC74="
    }
  }
}
